// !$*UTF8*$!
{
	archiveVersion = 1;
	classes = {
	};
	objectVersion = 56;
	objects = {

/* Begin PBXBuildFile section */
		AC7978712928E4AD0046F54E /* AppDelegate.swift in Sources */ = {isa = PBXBuildFile; fileRef = AC7978702928E4AD0046F54E /* AppDelegate.swift */; };
		AC7978732928E4AD0046F54E /* SceneDelegate.swift in Sources */ = {isa = PBXBuildFile; fileRef = AC7978722928E4AD0046F54E /* SceneDelegate.swift */; };
		AC79787A2928E4AF0046F54E /* Assets.xcassets in Resources */ = {isa = PBXBuildFile; fileRef = AC7978792928E4AF0046F54E /* Assets.xcassets */; };
		AC79787D2928E4AF0046F54E /* LaunchScreen.storyboard in Resources */ = {isa = PBXBuildFile; fileRef = AC79787B2928E4AF0046F54E /* LaunchScreen.storyboard */; };
		AC7978882928E4AF0046F54E /* PGProjectTests.swift in Sources */ = {isa = PBXBuildFile; fileRef = AC7978872928E4AF0046F54E /* PGProjectTests.swift */; };
		AC7978922928E4AF0046F54E /* PGProjectUITests.swift in Sources */ = {isa = PBXBuildFile; fileRef = AC7978912928E4AF0046F54E /* PGProjectUITests.swift */; };
		AC7978942928E4AF0046F54E /* PGProjectUITestsLaunchTests.swift in Sources */ = {isa = PBXBuildFile; fileRef = AC7978932928E4AF0046F54E /* PGProjectUITestsLaunchTests.swift */; };
		AC7978A12928EC870046F54E /* SearchVC.swift in Sources */ = {isa = PBXBuildFile; fileRef = AC7978A02928EC870046F54E /* SearchVC.swift */; };
		AC7978A52928ECE10046F54E /* FavoritesVC.swift in Sources */ = {isa = PBXBuildFile; fileRef = AC7978A42928ECE10046F54E /* FavoritesVC.swift */; };
		AC7978A72928EFDF0046F54E /* PGButton.swift in Sources */ = {isa = PBXBuildFile; fileRef = AC7978A62928EFDF0046F54E /* PGButton.swift */; };
		AC7978A92928F10C0046F54E /* PGTextField.swift in Sources */ = {isa = PBXBuildFile; fileRef = AC7978A82928F10C0046F54E /* PGTextField.swift */; };
		AC7978AB2928F6440046F54E /* GitHubUsersVC.swift in Sources */ = {isa = PBXBuildFile; fileRef = AC7978AA2928F6440046F54E /* GitHubUsersVC.swift */; };
		AC7978AD2928FB380046F54E /* PGTitleLabel.swift in Sources */ = {isa = PBXBuildFile; fileRef = AC7978AC2928FB380046F54E /* PGTitleLabel.swift */; };
		AC7978AF2928FBE40046F54E /* PGBodyLabel.swift in Sources */ = {isa = PBXBuildFile; fileRef = AC7978AE2928FBE40046F54E /* PGBodyLabel.swift */; };
		AC7978B12928FC520046F54E /* PGAlertVC.swift in Sources */ = {isa = PBXBuildFile; fileRef = AC7978B02928FC520046F54E /* PGAlertVC.swift */; };
		ACAACCF0292C98670095F3F9 /* PGRepoItemVC.swift in Sources */ = {isa = PBXBuildFile; fileRef = ACAACCEF292C98670095F3F9 /* PGRepoItemVC.swift */; };
		ACAACCF2292C99C40095F3F9 /* PGFollowerItemVC.swift in Sources */ = {isa = PBXBuildFile; fileRef = ACAACCF1292C99C40095F3F9 /* PGFollowerItemVC.swift */; };
		ACAACCF4292C9A630095F3F9 /* Date+Ext.swift in Sources */ = {isa = PBXBuildFile; fileRef = ACAACCF3292C9A630095F3F9 /* Date+Ext.swift */; };
		ACAACCF8292CBA3C0095F3F9 /* UserOrganizationCell.swift in Sources */ = {isa = PBXBuildFile; fileRef = ACAACCF7292CBA3C0095F3F9 /* UserOrganizationCell.swift */; };
		ACAACCFA292CBA980095F3F9 /* UserOrganization.swift in Sources */ = {isa = PBXBuildFile; fileRef = ACAACCF9292CBA980095F3F9 /* UserOrganization.swift */; };
		ACAACCFC292CBB4F0095F3F9 /* UserOrganizationVC.swift in Sources */ = {isa = PBXBuildFile; fileRef = ACAACCFB292CBB4F0095F3F9 /* UserOrganizationVC.swift */; };
		ACAACCFE292CCD660095F3F9 /* PGAlertContainerView.swift in Sources */ = {isa = PBXBuildFile; fileRef = ACAACCFD292CCD660095F3F9 /* PGAlertContainerView.swift */; };
		ACAACD00292CD15D0095F3F9 /* PGDataLoadingVC.swift in Sources */ = {isa = PBXBuildFile; fileRef = ACAACCFF292CD15D0095F3F9 /* PGDataLoadingVC.swift */; };
		ACF324B1292A34D5006D4203 /* UIViewController+ext.swift in Sources */ = {isa = PBXBuildFile; fileRef = ACF324B0292A34D5006D4203 /* UIViewController+ext.swift */; };
		ACF324B8292B3DBD006D4203 /* GitHubUser.swift in Sources */ = {isa = PBXBuildFile; fileRef = ACF324B7292B3DBD006D4203 /* GitHubUser.swift */; };
		ACF324BA292B3EED006D4203 /* GithubUserDetail.swift in Sources */ = {isa = PBXBuildFile; fileRef = ACF324B9292B3EED006D4203 /* GithubUserDetail.swift */; };
		ACF324BD292B434B006D4203 /* NetworkManager.swift in Sources */ = {isa = PBXBuildFile; fileRef = ACF324BC292B434B006D4203 /* NetworkManager.swift */; };
		ACF324C0292B4C54006D4203 /* ErrorMessage.swift in Sources */ = {isa = PBXBuildFile; fileRef = ACF324BF292B4C54006D4203 /* ErrorMessage.swift */; };
		ACF324C3292B86A6006D4203 /* GithubUserCell.swift in Sources */ = {isa = PBXBuildFile; fileRef = ACF324C2292B86A6006D4203 /* GithubUserCell.swift */; };
		ACF324C5292B8713006D4203 /* PGAvatarImageView.swift in Sources */ = {isa = PBXBuildFile; fileRef = ACF324C4292B8713006D4203 /* PGAvatarImageView.swift */; };
		ACF324C7292B9ACF006D4203 /* UIHelper.swift in Sources */ = {isa = PBXBuildFile; fileRef = ACF324C6292B9ACF006D4203 /* UIHelper.swift */; };
		ACF324CF292BAB24006D4203 /* PGEmptyView.swift in Sources */ = {isa = PBXBuildFile; fileRef = ACF324CE292BAB24006D4203 /* PGEmptyView.swift */; };
		ACF324D1292BB740006D4203 /* UserInfoVC.swift in Sources */ = {isa = PBXBuildFile; fileRef = ACF324D0292BB740006D4203 /* UserInfoVC.swift */; };
		ACF324D3292BBFEF006D4203 /* PGSecondaryTitleLabel.swift in Sources */ = {isa = PBXBuildFile; fileRef = ACF324D2292BBFEF006D4203 /* PGSecondaryTitleLabel.swift */; };
		ACF324D5292C8A5D006D4203 /* PGUserInfoHeaderVC.swift in Sources */ = {isa = PBXBuildFile; fileRef = ACF324D4292C8A5D006D4203 /* PGUserInfoHeaderVC.swift */; };
		ACF324D7292C8AE4006D4203 /* UIView+Ext.swift in Sources */ = {isa = PBXBuildFile; fileRef = ACF324D6292C8AE4006D4203 /* UIView+Ext.swift */; };
		ACF324D9292C8B2A006D4203 /* Constants.swift in Sources */ = {isa = PBXBuildFile; fileRef = ACF324D8292C8B2A006D4203 /* Constants.swift */; };
		ACF324DC292C9149006D4203 /* PGItemInfoVC.swift in Sources */ = {isa = PBXBuildFile; fileRef = ACF324DB292C9149006D4203 /* PGItemInfoVC.swift */; };
		ACF324DE292C91CA006D4203 /* PGItemInfoView.swift in Sources */ = {isa = PBXBuildFile; fileRef = ACF324DD292C91CA006D4203 /* PGItemInfoView.swift */; };
/* End PBXBuildFile section */

/* Begin PBXContainerItemProxy section */
		AC7978842928E4AF0046F54E /* PBXContainerItemProxy */ = {
			isa = PBXContainerItemProxy;
			containerPortal = AC7978652928E4AD0046F54E /* Project object */;
			proxyType = 1;
			remoteGlobalIDString = AC79786C2928E4AD0046F54E;
			remoteInfo = PGProject;
		};
		AC79788E2928E4AF0046F54E /* PBXContainerItemProxy */ = {
			isa = PBXContainerItemProxy;
			containerPortal = AC7978652928E4AD0046F54E /* Project object */;
			proxyType = 1;
			remoteGlobalIDString = AC79786C2928E4AD0046F54E;
			remoteInfo = PGProject;
		};
/* End PBXContainerItemProxy section */

/* Begin PBXFileReference section */
		AC79786D2928E4AD0046F54E /* PGProject.app */ = {isa = PBXFileReference; explicitFileType = wrapper.application; includeInIndex = 0; path = PGProject.app; sourceTree = BUILT_PRODUCTS_DIR; };
		AC7978702928E4AD0046F54E /* AppDelegate.swift */ = {isa = PBXFileReference; lastKnownFileType = sourcecode.swift; path = AppDelegate.swift; sourceTree = "<group>"; };
		AC7978722928E4AD0046F54E /* SceneDelegate.swift */ = {isa = PBXFileReference; lastKnownFileType = sourcecode.swift; path = SceneDelegate.swift; sourceTree = "<group>"; };
		AC7978792928E4AF0046F54E /* Assets.xcassets */ = {isa = PBXFileReference; lastKnownFileType = folder.assetcatalog; path = Assets.xcassets; sourceTree = "<group>"; };
		AC79787C2928E4AF0046F54E /* Base */ = {isa = PBXFileReference; lastKnownFileType = file.storyboard; name = Base; path = Base.lproj/LaunchScreen.storyboard; sourceTree = "<group>"; };
		AC79787E2928E4AF0046F54E /* Info.plist */ = {isa = PBXFileReference; lastKnownFileType = text.plist.xml; path = Info.plist; sourceTree = "<group>"; };
		AC7978832928E4AF0046F54E /* PGProjectTests.xctest */ = {isa = PBXFileReference; explicitFileType = wrapper.cfbundle; includeInIndex = 0; path = PGProjectTests.xctest; sourceTree = BUILT_PRODUCTS_DIR; };
		AC7978872928E4AF0046F54E /* PGProjectTests.swift */ = {isa = PBXFileReference; lastKnownFileType = sourcecode.swift; path = PGProjectTests.swift; sourceTree = "<group>"; };
		AC79788D2928E4AF0046F54E /* PGProjectUITests.xctest */ = {isa = PBXFileReference; explicitFileType = wrapper.cfbundle; includeInIndex = 0; path = PGProjectUITests.xctest; sourceTree = BUILT_PRODUCTS_DIR; };
		AC7978912928E4AF0046F54E /* PGProjectUITests.swift */ = {isa = PBXFileReference; lastKnownFileType = sourcecode.swift; path = PGProjectUITests.swift; sourceTree = "<group>"; };
		AC7978932928E4AF0046F54E /* PGProjectUITestsLaunchTests.swift */ = {isa = PBXFileReference; lastKnownFileType = sourcecode.swift; path = PGProjectUITestsLaunchTests.swift; sourceTree = "<group>"; };
		AC7978A02928EC870046F54E /* SearchVC.swift */ = {isa = PBXFileReference; lastKnownFileType = sourcecode.swift; path = SearchVC.swift; sourceTree = "<group>"; };
		AC7978A42928ECE10046F54E /* FavoritesVC.swift */ = {isa = PBXFileReference; lastKnownFileType = sourcecode.swift; path = FavoritesVC.swift; sourceTree = "<group>"; };
		AC7978A62928EFDF0046F54E /* PGButton.swift */ = {isa = PBXFileReference; lastKnownFileType = sourcecode.swift; path = PGButton.swift; sourceTree = "<group>"; };
		AC7978A82928F10C0046F54E /* PGTextField.swift */ = {isa = PBXFileReference; lastKnownFileType = sourcecode.swift; path = PGTextField.swift; sourceTree = "<group>"; };
		AC7978AA2928F6440046F54E /* GitHubUsersVC.swift */ = {isa = PBXFileReference; lastKnownFileType = sourcecode.swift; path = GitHubUsersVC.swift; sourceTree = "<group>"; };
		AC7978AC2928FB380046F54E /* PGTitleLabel.swift */ = {isa = PBXFileReference; lastKnownFileType = sourcecode.swift; path = PGTitleLabel.swift; sourceTree = "<group>"; };
		AC7978AE2928FBE40046F54E /* PGBodyLabel.swift */ = {isa = PBXFileReference; lastKnownFileType = sourcecode.swift; path = PGBodyLabel.swift; sourceTree = "<group>"; };
		AC7978B02928FC520046F54E /* PGAlertVC.swift */ = {isa = PBXFileReference; lastKnownFileType = sourcecode.swift; path = PGAlertVC.swift; sourceTree = "<group>"; };
		ACAACCEF292C98670095F3F9 /* PGRepoItemVC.swift */ = {isa = PBXFileReference; lastKnownFileType = sourcecode.swift; path = PGRepoItemVC.swift; sourceTree = "<group>"; };
		ACAACCF1292C99C40095F3F9 /* PGFollowerItemVC.swift */ = {isa = PBXFileReference; lastKnownFileType = sourcecode.swift; path = PGFollowerItemVC.swift; sourceTree = "<group>"; };
		ACAACCF3292C9A630095F3F9 /* Date+Ext.swift */ = {isa = PBXFileReference; lastKnownFileType = sourcecode.swift; path = "Date+Ext.swift"; sourceTree = "<group>"; };
		ACAACCF7292CBA3C0095F3F9 /* UserOrganizationCell.swift */ = {isa = PBXFileReference; lastKnownFileType = sourcecode.swift; path = UserOrganizationCell.swift; sourceTree = "<group>"; };
		ACAACCF9292CBA980095F3F9 /* UserOrganization.swift */ = {isa = PBXFileReference; lastKnownFileType = sourcecode.swift; path = UserOrganization.swift; sourceTree = "<group>"; };
		ACAACCFB292CBB4F0095F3F9 /* UserOrganizationVC.swift */ = {isa = PBXFileReference; lastKnownFileType = sourcecode.swift; path = UserOrganizationVC.swift; sourceTree = "<group>"; };
		ACAACCFD292CCD660095F3F9 /* PGAlertContainerView.swift */ = {isa = PBXFileReference; lastKnownFileType = sourcecode.swift; path = PGAlertContainerView.swift; sourceTree = "<group>"; };
		ACAACCFF292CD15D0095F3F9 /* PGDataLoadingVC.swift */ = {isa = PBXFileReference; lastKnownFileType = sourcecode.swift; path = PGDataLoadingVC.swift; sourceTree = "<group>"; };
		ACF324B0292A34D5006D4203 /* UIViewController+ext.swift */ = {isa = PBXFileReference; lastKnownFileType = sourcecode.swift; path = "UIViewController+ext.swift"; sourceTree = "<group>"; };
		ACF324B7292B3DBD006D4203 /* GitHubUser.swift */ = {isa = PBXFileReference; lastKnownFileType = sourcecode.swift; path = GitHubUser.swift; sourceTree = "<group>"; };
		ACF324B9292B3EED006D4203 /* GithubUserDetail.swift */ = {isa = PBXFileReference; lastKnownFileType = sourcecode.swift; path = GithubUserDetail.swift; sourceTree = "<group>"; };
		ACF324BC292B434B006D4203 /* NetworkManager.swift */ = {isa = PBXFileReference; lastKnownFileType = sourcecode.swift; path = NetworkManager.swift; sourceTree = "<group>"; };
		ACF324BF292B4C54006D4203 /* ErrorMessage.swift */ = {isa = PBXFileReference; lastKnownFileType = sourcecode.swift; path = ErrorMessage.swift; sourceTree = "<group>"; };
		ACF324C2292B86A6006D4203 /* GithubUserCell.swift */ = {isa = PBXFileReference; lastKnownFileType = sourcecode.swift; path = GithubUserCell.swift; sourceTree = "<group>"; };
		ACF324C4292B8713006D4203 /* PGAvatarImageView.swift */ = {isa = PBXFileReference; lastKnownFileType = sourcecode.swift; path = PGAvatarImageView.swift; sourceTree = "<group>"; };
		ACF324C6292B9ACF006D4203 /* UIHelper.swift */ = {isa = PBXFileReference; lastKnownFileType = sourcecode.swift; path = UIHelper.swift; sourceTree = "<group>"; };
		ACF324CE292BAB24006D4203 /* PGEmptyView.swift */ = {isa = PBXFileReference; lastKnownFileType = sourcecode.swift; path = PGEmptyView.swift; sourceTree = "<group>"; };
		ACF324D0292BB740006D4203 /* UserInfoVC.swift */ = {isa = PBXFileReference; lastKnownFileType = sourcecode.swift; path = UserInfoVC.swift; sourceTree = "<group>"; };
		ACF324D2292BBFEF006D4203 /* PGSecondaryTitleLabel.swift */ = {isa = PBXFileReference; lastKnownFileType = sourcecode.swift; path = PGSecondaryTitleLabel.swift; sourceTree = "<group>"; };
		ACF324D4292C8A5D006D4203 /* PGUserInfoHeaderVC.swift */ = {isa = PBXFileReference; lastKnownFileType = sourcecode.swift; path = PGUserInfoHeaderVC.swift; sourceTree = "<group>"; };
		ACF324D6292C8AE4006D4203 /* UIView+Ext.swift */ = {isa = PBXFileReference; lastKnownFileType = sourcecode.swift; path = "UIView+Ext.swift"; sourceTree = "<group>"; };
		ACF324D8292C8B2A006D4203 /* Constants.swift */ = {isa = PBXFileReference; lastKnownFileType = sourcecode.swift; path = Constants.swift; sourceTree = "<group>"; };
		ACF324DB292C9149006D4203 /* PGItemInfoVC.swift */ = {isa = PBXFileReference; lastKnownFileType = sourcecode.swift; path = PGItemInfoVC.swift; sourceTree = "<group>"; };
		ACF324DD292C91CA006D4203 /* PGItemInfoView.swift */ = {isa = PBXFileReference; lastKnownFileType = sourcecode.swift; path = PGItemInfoView.swift; sourceTree = "<group>"; };
/* End PBXFileReference section */

/* Begin PBXFrameworksBuildPhase section */
		AC79786A2928E4AD0046F54E /* Frameworks */ = {
			isa = PBXFrameworksBuildPhase;
			buildActionMask = 2147483647;
			files = (
			);
			runOnlyForDeploymentPostprocessing = 0;
		};
		AC7978802928E4AF0046F54E /* Frameworks */ = {
			isa = PBXFrameworksBuildPhase;
			buildActionMask = 2147483647;
			files = (
			);
			runOnlyForDeploymentPostprocessing = 0;
		};
		AC79788A2928E4AF0046F54E /* Frameworks */ = {
			isa = PBXFrameworksBuildPhase;
			buildActionMask = 2147483647;
			files = (
			);
			runOnlyForDeploymentPostprocessing = 0;
		};
/* End PBXFrameworksBuildPhase section */

/* Begin PBXGroup section */
		AC7978642928E4AD0046F54E = {
			isa = PBXGroup;
			children = (
				AC79786F2928E4AD0046F54E /* PGProject */,
				AC7978862928E4AF0046F54E /* PGProjectTests */,
				AC7978902928E4AF0046F54E /* PGProjectUITests */,
				AC79786E2928E4AD0046F54E /* Products */,
			);
			sourceTree = "<group>";
		};
		AC79786E2928E4AD0046F54E /* Products */ = {
			isa = PBXGroup;
			children = (
				AC79786D2928E4AD0046F54E /* PGProject.app */,
				AC7978832928E4AF0046F54E /* PGProjectTests.xctest */,
				AC79788D2928E4AF0046F54E /* PGProjectUITests.xctest */,
			);
			name = Products;
			sourceTree = "<group>";
		};
		AC79786F2928E4AD0046F54E /* PGProject */ = {
			isa = PBXGroup;
			children = (
				ACF324B4292A3719006D4203 /* Extensions */,
				ACF324BE292B4C49006D4203 /* Utilities */,
				ACF324BB292B4340006D4203 /* Managers */,
				ACF324B6292B3D81006D4203 /* Model */,
				ACF324B3292A36F4006D4203 /* Custom View */,
				ACF324B2292A36D5006D4203 /* Screens */,
				ACF324B5292A374E006D4203 /* Support */,
				AC79787E2928E4AF0046F54E /* Info.plist */,
			);
			path = PGProject;
			sourceTree = "<group>";
		};
		AC7978862928E4AF0046F54E /* PGProjectTests */ = {
			isa = PBXGroup;
			children = (
				AC7978872928E4AF0046F54E /* PGProjectTests.swift */,
			);
			path = PGProjectTests;
			sourceTree = "<group>";
		};
		AC7978902928E4AF0046F54E /* PGProjectUITests */ = {
			isa = PBXGroup;
			children = (
				AC7978912928E4AF0046F54E /* PGProjectUITests.swift */,
				AC7978932928E4AF0046F54E /* PGProjectUITestsLaunchTests.swift */,
			);
			path = PGProjectUITests;
			sourceTree = "<group>";
		};
		ACF324B2292A36D5006D4203 /* Screens */ = {
			isa = PBXGroup;
			children = (
				AC7978A02928EC870046F54E /* SearchVC.swift */,
				AC7978AA2928F6440046F54E /* GitHubUsersVC.swift */,
				ACF324D0292BB740006D4203 /* UserInfoVC.swift */,
				AC7978A42928ECE10046F54E /* FavoritesVC.swift */,
				ACAACCFB292CBB4F0095F3F9 /* UserOrganizationVC.swift */,
			);
			path = Screens;
			sourceTree = "<group>";
		};
		ACF324B3292A36F4006D4203 /* Custom View */ = {
			isa = PBXGroup;
			children = (
				ACF324CD292BAAEE006D4203 /* Image Views */,
				ACF324CC292BAADD006D4203 /* Labels */,
				ACF324CB292BAABA006D4203 /* ViewControllers */,
				ACF324CA292BAAAF006D4203 /* TextFields */,
				ACF324C9292BAAAA006D4203 /* Buttons */,
				ACF324C8292BAAA2006D4203 /* Views */,
				ACF324C1292B867F006D4203 /* Cells */,
			);
			path = "Custom View";
			sourceTree = "<group>";
		};
		ACF324B4292A3719006D4203 /* Extensions */ = {
			isa = PBXGroup;
			children = (
				ACF324B0292A34D5006D4203 /* UIViewController+ext.swift */,
				ACF324D6292C8AE4006D4203 /* UIView+Ext.swift */,
				ACAACCF3292C9A630095F3F9 /* Date+Ext.swift */,
			);
			path = Extensions;
			sourceTree = "<group>";
		};
		ACF324B5292A374E006D4203 /* Support */ = {
			isa = PBXGroup;
			children = (
				AC7978702928E4AD0046F54E /* AppDelegate.swift */,
				AC7978722928E4AD0046F54E /* SceneDelegate.swift */,
				AC7978792928E4AF0046F54E /* Assets.xcassets */,
				AC79787B2928E4AF0046F54E /* LaunchScreen.storyboard */,
			);
			path = Support;
			sourceTree = "<group>";
		};
		ACF324B6292B3D81006D4203 /* Model */ = {
			isa = PBXGroup;
			children = (
				ACF324B7292B3DBD006D4203 /* GitHubUser.swift */,
				ACF324B9292B3EED006D4203 /* GithubUserDetail.swift */,
				ACAACCF9292CBA980095F3F9 /* UserOrganization.swift */,
			);
			path = Model;
			sourceTree = "<group>";
		};
		ACF324BB292B4340006D4203 /* Managers */ = {
			isa = PBXGroup;
			children = (
				ACF324BC292B434B006D4203 /* NetworkManager.swift */,
			);
			path = Managers;
			sourceTree = "<group>";
		};
		ACF324BE292B4C49006D4203 /* Utilities */ = {
			isa = PBXGroup;
			children = (
				ACF324D8292C8B2A006D4203 /* Constants.swift */,
				ACF324BF292B4C54006D4203 /* ErrorMessage.swift */,
				ACF324C6292B9ACF006D4203 /* UIHelper.swift */,
			);
			path = Utilities;
			sourceTree = "<group>";
		};
		ACF324C1292B867F006D4203 /* Cells */ = {
			isa = PBXGroup;
			children = (
				ACF324C2292B86A6006D4203 /* GithubUserCell.swift */,
				ACAACCF7292CBA3C0095F3F9 /* UserOrganizationCell.swift */,
			);
			path = Cells;
			sourceTree = "<group>";
		};
		ACF324C8292BAAA2006D4203 /* Views */ = {
			isa = PBXGroup;
			children = (
				ACF324CE292BAB24006D4203 /* PGEmptyView.swift */,
				ACAACCFD292CCD660095F3F9 /* PGAlertContainerView.swift */,
				ACF324DD292C91CA006D4203 /* PGItemInfoView.swift */,
			);
			path = Views;
			sourceTree = "<group>";
		};
		ACF324C9292BAAAA006D4203 /* Buttons */ = {
			isa = PBXGroup;
			children = (
				AC7978A62928EFDF0046F54E /* PGButton.swift */,
			);
			path = Buttons;
			sourceTree = "<group>";
		};
		ACF324CA292BAAAF006D4203 /* TextFields */ = {
			isa = PBXGroup;
			children = (
				AC7978A82928F10C0046F54E /* PGTextField.swift */,
			);
			path = TextFields;
			sourceTree = "<group>";
		};
		ACF324CB292BAABA006D4203 /* ViewControllers */ = {
			isa = PBXGroup;
			children = (
				ACF324DA292C9130006D4203 /* ItemInfoVCs */,
				AC7978B02928FC520046F54E /* PGAlertVC.swift */,
				ACF324D4292C8A5D006D4203 /* PGUserInfoHeaderVC.swift */,
				ACAACCFF292CD15D0095F3F9 /* PGDataLoadingVC.swift */,
			);
			path = ViewControllers;
			sourceTree = "<group>";
		};
		ACF324CC292BAADD006D4203 /* Labels */ = {
			isa = PBXGroup;
			children = (
				AC7978AC2928FB380046F54E /* PGTitleLabel.swift */,
				AC7978AE2928FBE40046F54E /* PGBodyLabel.swift */,
				ACF324D2292BBFEF006D4203 /* PGSecondaryTitleLabel.swift */,
			);
			name = Labels;
			sourceTree = "<group>";
		};
		ACF324CD292BAAEE006D4203 /* Image Views */ = {
			isa = PBXGroup;
			children = (
				ACF324C4292B8713006D4203 /* PGAvatarImageView.swift */,
			);
			path = "Image Views";
			sourceTree = "<group>";
		};
		ACF324DA292C9130006D4203 /* ItemInfoVCs */ = {
			isa = PBXGroup;
			children = (
				ACF324DB292C9149006D4203 /* PGItemInfoVC.swift */,
				ACAACCEF292C98670095F3F9 /* PGRepoItemVC.swift */,
				ACAACCF1292C99C40095F3F9 /* PGFollowerItemVC.swift */,
			);
			path = ItemInfoVCs;
			sourceTree = "<group>";
		};
/* End PBXGroup section */

/* Begin PBXNativeTarget section */
		AC79786C2928E4AD0046F54E /* PGProject */ = {
			isa = PBXNativeTarget;
			buildConfigurationList = AC7978972928E4AF0046F54E /* Build configuration list for PBXNativeTarget "PGProject" */;
			buildPhases = (
				AC7978692928E4AD0046F54E /* Sources */,
				AC79786A2928E4AD0046F54E /* Frameworks */,
				AC79786B2928E4AD0046F54E /* Resources */,
			);
			buildRules = (
			);
			dependencies = (
			);
			name = PGProject;
			productName = PGProject;
			productReference = AC79786D2928E4AD0046F54E /* PGProject.app */;
			productType = "com.apple.product-type.application";
		};
		AC7978822928E4AF0046F54E /* PGProjectTests */ = {
			isa = PBXNativeTarget;
			buildConfigurationList = AC79789A2928E4AF0046F54E /* Build configuration list for PBXNativeTarget "PGProjectTests" */;
			buildPhases = (
				AC79787F2928E4AF0046F54E /* Sources */,
				AC7978802928E4AF0046F54E /* Frameworks */,
				AC7978812928E4AF0046F54E /* Resources */,
			);
			buildRules = (
			);
			dependencies = (
				AC7978852928E4AF0046F54E /* PBXTargetDependency */,
			);
			name = PGProjectTests;
			productName = PGProjectTests;
			productReference = AC7978832928E4AF0046F54E /* PGProjectTests.xctest */;
			productType = "com.apple.product-type.bundle.unit-test";
		};
		AC79788C2928E4AF0046F54E /* PGProjectUITests */ = {
			isa = PBXNativeTarget;
			buildConfigurationList = AC79789D2928E4AF0046F54E /* Build configuration list for PBXNativeTarget "PGProjectUITests" */;
			buildPhases = (
				AC7978892928E4AF0046F54E /* Sources */,
				AC79788A2928E4AF0046F54E /* Frameworks */,
				AC79788B2928E4AF0046F54E /* Resources */,
			);
			buildRules = (
			);
			dependencies = (
				AC79788F2928E4AF0046F54E /* PBXTargetDependency */,
			);
			name = PGProjectUITests;
			productName = PGProjectUITests;
			productReference = AC79788D2928E4AF0046F54E /* PGProjectUITests.xctest */;
			productType = "com.apple.product-type.bundle.ui-testing";
		};
/* End PBXNativeTarget section */

/* Begin PBXProject section */
		AC7978652928E4AD0046F54E /* Project object */ = {
			isa = PBXProject;
			attributes = {
				BuildIndependentTargetsInParallel = 1;
				LastSwiftUpdateCheck = 1410;
				LastUpgradeCheck = 1410;
				TargetAttributes = {
					AC79786C2928E4AD0046F54E = {
						CreatedOnToolsVersion = 14.1;
					};
					AC7978822928E4AF0046F54E = {
						CreatedOnToolsVersion = 14.1;
						TestTargetID = AC79786C2928E4AD0046F54E;
					};
					AC79788C2928E4AF0046F54E = {
						CreatedOnToolsVersion = 14.1;
						TestTargetID = AC79786C2928E4AD0046F54E;
					};
				};
			};
			buildConfigurationList = AC7978682928E4AD0046F54E /* Build configuration list for PBXProject "PGProject" */;
			compatibilityVersion = "Xcode 14.0";
			developmentRegion = en;
			hasScannedForEncodings = 0;
			knownRegions = (
				en,
				Base,
			);
			mainGroup = AC7978642928E4AD0046F54E;
			productRefGroup = AC79786E2928E4AD0046F54E /* Products */;
			projectDirPath = "";
			projectRoot = "";
			targets = (
				AC79786C2928E4AD0046F54E /* PGProject */,
				AC7978822928E4AF0046F54E /* PGProjectTests */,
				AC79788C2928E4AF0046F54E /* PGProjectUITests */,
			);
		};
/* End PBXProject section */

/* Begin PBXResourcesBuildPhase section */
		AC79786B2928E4AD0046F54E /* Resources */ = {
			isa = PBXResourcesBuildPhase;
			buildActionMask = 2147483647;
			files = (
				AC79787D2928E4AF0046F54E /* LaunchScreen.storyboard in Resources */,
				AC79787A2928E4AF0046F54E /* Assets.xcassets in Resources */,
			);
			runOnlyForDeploymentPostprocessing = 0;
		};
		AC7978812928E4AF0046F54E /* Resources */ = {
			isa = PBXResourcesBuildPhase;
			buildActionMask = 2147483647;
			files = (
			);
			runOnlyForDeploymentPostprocessing = 0;
		};
		AC79788B2928E4AF0046F54E /* Resources */ = {
			isa = PBXResourcesBuildPhase;
			buildActionMask = 2147483647;
			files = (
			);
			runOnlyForDeploymentPostprocessing = 0;
		};
/* End PBXResourcesBuildPhase section */

/* Begin PBXSourcesBuildPhase section */
		AC7978692928E4AD0046F54E /* Sources */ = {
			isa = PBXSourcesBuildPhase;
			buildActionMask = 2147483647;
			files = (
				ACAACCF0292C98670095F3F9 /* PGRepoItemVC.swift in Sources */,
				AC7978A52928ECE10046F54E /* FavoritesVC.swift in Sources */,
				ACF324C3292B86A6006D4203 /* GithubUserCell.swift in Sources */,
				ACF324B1292A34D5006D4203 /* UIViewController+ext.swift in Sources */,
				ACF324CF292BAB24006D4203 /* PGEmptyView.swift in Sources */,
				ACAACCFA292CBA980095F3F9 /* UserOrganization.swift in Sources */,
				AC7978A12928EC870046F54E /* SearchVC.swift in Sources */,
				ACAACCFC292CBB4F0095F3F9 /* UserOrganizationVC.swift in Sources */,
				ACAACCF2292C99C40095F3F9 /* PGFollowerItemVC.swift in Sources */,
				AC7978A92928F10C0046F54E /* PGTextField.swift in Sources */,
				ACF324C7292B9ACF006D4203 /* UIHelper.swift in Sources */,
				ACAACCFE292CCD660095F3F9 /* PGAlertContainerView.swift in Sources */,
				ACF324C5292B8713006D4203 /* PGAvatarImageView.swift in Sources */,
				AC7978712928E4AD0046F54E /* AppDelegate.swift in Sources */,
				AC7978AB2928F6440046F54E /* GitHubUsersVC.swift in Sources */,
				AC7978A72928EFDF0046F54E /* PGButton.swift in Sources */,
				ACF324C0292B4C54006D4203 /* ErrorMessage.swift in Sources */,
				ACF324D7292C8AE4006D4203 /* UIView+Ext.swift in Sources */,
				ACF324BA292B3EED006D4203 /* GithubUserDetail.swift in Sources */,
				AC7978732928E4AD0046F54E /* SceneDelegate.swift in Sources */,
				AC7978AD2928FB380046F54E /* PGTitleLabel.swift in Sources */,
				ACF324D5292C8A5D006D4203 /* PGUserInfoHeaderVC.swift in Sources */,
				ACF324BD292B434B006D4203 /* NetworkManager.swift in Sources */,
				ACF324B8292B3DBD006D4203 /* GitHubUser.swift in Sources */,
				ACF324D3292BBFEF006D4203 /* PGSecondaryTitleLabel.swift in Sources */,
				ACF324DE292C91CA006D4203 /* PGItemInfoView.swift in Sources */,
				ACAACD00292CD15D0095F3F9 /* PGDataLoadingVC.swift in Sources */,
				ACAACCF8292CBA3C0095F3F9 /* UserOrganizationCell.swift in Sources */,
				ACAACCF4292C9A630095F3F9 /* Date+Ext.swift in Sources */,
				AC7978B12928FC520046F54E /* PGAlertVC.swift in Sources */,
				AC7978AF2928FBE40046F54E /* PGBodyLabel.swift in Sources */,
				ACF324D1292BB740006D4203 /* UserInfoVC.swift in Sources */,
				ACF324DC292C9149006D4203 /* PGItemInfoVC.swift in Sources */,
				ACF324D9292C8B2A006D4203 /* Constants.swift in Sources */,
			);
			runOnlyForDeploymentPostprocessing = 0;
		};
		AC79787F2928E4AF0046F54E /* Sources */ = {
			isa = PBXSourcesBuildPhase;
			buildActionMask = 2147483647;
			files = (
				AC7978882928E4AF0046F54E /* PGProjectTests.swift in Sources */,
			);
			runOnlyForDeploymentPostprocessing = 0;
		};
		AC7978892928E4AF0046F54E /* Sources */ = {
			isa = PBXSourcesBuildPhase;
			buildActionMask = 2147483647;
			files = (
				AC7978922928E4AF0046F54E /* PGProjectUITests.swift in Sources */,
				AC7978942928E4AF0046F54E /* PGProjectUITestsLaunchTests.swift in Sources */,
			);
			runOnlyForDeploymentPostprocessing = 0;
		};
/* End PBXSourcesBuildPhase section */

/* Begin PBXTargetDependency section */
		AC7978852928E4AF0046F54E /* PBXTargetDependency */ = {
			isa = PBXTargetDependency;
			target = AC79786C2928E4AD0046F54E /* PGProject */;
			targetProxy = AC7978842928E4AF0046F54E /* PBXContainerItemProxy */;
		};
		AC79788F2928E4AF0046F54E /* PBXTargetDependency */ = {
			isa = PBXTargetDependency;
			target = AC79786C2928E4AD0046F54E /* PGProject */;
			targetProxy = AC79788E2928E4AF0046F54E /* PBXContainerItemProxy */;
		};
/* End PBXTargetDependency section */

/* Begin PBXVariantGroup section */
		AC79787B2928E4AF0046F54E /* LaunchScreen.storyboard */ = {
			isa = PBXVariantGroup;
			children = (
				AC79787C2928E4AF0046F54E /* Base */,
			);
			name = LaunchScreen.storyboard;
			sourceTree = "<group>";
		};
/* End PBXVariantGroup section */

/* Begin XCBuildConfiguration section */
		AC7978952928E4AF0046F54E /* Debug */ = {
			isa = XCBuildConfiguration;
			buildSettings = {
				ALWAYS_SEARCH_USER_PATHS = NO;
				CLANG_ANALYZER_NONNULL = YES;
				CLANG_ANALYZER_NUMBER_OBJECT_CONVERSION = YES_AGGRESSIVE;
				CLANG_CXX_LANGUAGE_STANDARD = "gnu++20";
				CLANG_ENABLE_MODULES = YES;
				CLANG_ENABLE_OBJC_ARC = YES;
				CLANG_ENABLE_OBJC_WEAK = YES;
				CLANG_WARN_BLOCK_CAPTURE_AUTORELEASING = YES;
				CLANG_WARN_BOOL_CONVERSION = YES;
				CLANG_WARN_COMMA = YES;
				CLANG_WARN_CONSTANT_CONVERSION = YES;
				CLANG_WARN_DEPRECATED_OBJC_IMPLEMENTATIONS = YES;
				CLANG_WARN_DIRECT_OBJC_ISA_USAGE = YES_ERROR;
				CLANG_WARN_DOCUMENTATION_COMMENTS = YES;
				CLANG_WARN_EMPTY_BODY = YES;
				CLANG_WARN_ENUM_CONVERSION = YES;
				CLANG_WARN_INFINITE_RECURSION = YES;
				CLANG_WARN_INT_CONVERSION = YES;
				CLANG_WARN_NON_LITERAL_NULL_CONVERSION = YES;
				CLANG_WARN_OBJC_IMPLICIT_RETAIN_SELF = YES;
				CLANG_WARN_OBJC_LITERAL_CONVERSION = YES;
				CLANG_WARN_OBJC_ROOT_CLASS = YES_ERROR;
				CLANG_WARN_QUOTED_INCLUDE_IN_FRAMEWORK_HEADER = YES;
				CLANG_WARN_RANGE_LOOP_ANALYSIS = YES;
				CLANG_WARN_STRICT_PROTOTYPES = YES;
				CLANG_WARN_SUSPICIOUS_MOVE = YES;
				CLANG_WARN_UNGUARDED_AVAILABILITY = YES_AGGRESSIVE;
				CLANG_WARN_UNREACHABLE_CODE = YES;
				CLANG_WARN__DUPLICATE_METHOD_MATCH = YES;
				COPY_PHASE_STRIP = NO;
				DEBUG_INFORMATION_FORMAT = dwarf;
				ENABLE_STRICT_OBJC_MSGSEND = YES;
				ENABLE_TESTABILITY = YES;
				GCC_C_LANGUAGE_STANDARD = gnu11;
				GCC_DYNAMIC_NO_PIC = NO;
				GCC_NO_COMMON_BLOCKS = YES;
				GCC_OPTIMIZATION_LEVEL = 0;
				GCC_PREPROCESSOR_DEFINITIONS = (
					"DEBUG=1",
					"$(inherited)",
				);
				GCC_WARN_64_TO_32_BIT_CONVERSION = YES;
				GCC_WARN_ABOUT_RETURN_TYPE = YES_ERROR;
				GCC_WARN_UNDECLARED_SELECTOR = YES;
				GCC_WARN_UNINITIALIZED_AUTOS = YES_AGGRESSIVE;
				GCC_WARN_UNUSED_FUNCTION = YES;
				GCC_WARN_UNUSED_VARIABLE = YES;
				IPHONEOS_DEPLOYMENT_TARGET = 15.0;
				MTL_ENABLE_DEBUG_INFO = INCLUDE_SOURCE;
				MTL_FAST_MATH = YES;
				ONLY_ACTIVE_ARCH = YES;
				SDKROOT = iphoneos;
				SWIFT_ACTIVE_COMPILATION_CONDITIONS = DEBUG;
				SWIFT_OPTIMIZATION_LEVEL = "-Onone";
			};
			name = Debug;
		};
		AC7978962928E4AF0046F54E /* Release */ = {
			isa = XCBuildConfiguration;
			buildSettings = {
				ALWAYS_SEARCH_USER_PATHS = NO;
				CLANG_ANALYZER_NONNULL = YES;
				CLANG_ANALYZER_NUMBER_OBJECT_CONVERSION = YES_AGGRESSIVE;
				CLANG_CXX_LANGUAGE_STANDARD = "gnu++20";
				CLANG_ENABLE_MODULES = YES;
				CLANG_ENABLE_OBJC_ARC = YES;
				CLANG_ENABLE_OBJC_WEAK = YES;
				CLANG_WARN_BLOCK_CAPTURE_AUTORELEASING = YES;
				CLANG_WARN_BOOL_CONVERSION = YES;
				CLANG_WARN_COMMA = YES;
				CLANG_WARN_CONSTANT_CONVERSION = YES;
				CLANG_WARN_DEPRECATED_OBJC_IMPLEMENTATIONS = YES;
				CLANG_WARN_DIRECT_OBJC_ISA_USAGE = YES_ERROR;
				CLANG_WARN_DOCUMENTATION_COMMENTS = YES;
				CLANG_WARN_EMPTY_BODY = YES;
				CLANG_WARN_ENUM_CONVERSION = YES;
				CLANG_WARN_INFINITE_RECURSION = YES;
				CLANG_WARN_INT_CONVERSION = YES;
				CLANG_WARN_NON_LITERAL_NULL_CONVERSION = YES;
				CLANG_WARN_OBJC_IMPLICIT_RETAIN_SELF = YES;
				CLANG_WARN_OBJC_LITERAL_CONVERSION = YES;
				CLANG_WARN_OBJC_ROOT_CLASS = YES_ERROR;
				CLANG_WARN_QUOTED_INCLUDE_IN_FRAMEWORK_HEADER = YES;
				CLANG_WARN_RANGE_LOOP_ANALYSIS = YES;
				CLANG_WARN_STRICT_PROTOTYPES = YES;
				CLANG_WARN_SUSPICIOUS_MOVE = YES;
				CLANG_WARN_UNGUARDED_AVAILABILITY = YES_AGGRESSIVE;
				CLANG_WARN_UNREACHABLE_CODE = YES;
				CLANG_WARN__DUPLICATE_METHOD_MATCH = YES;
				COPY_PHASE_STRIP = NO;
				DEBUG_INFORMATION_FORMAT = "dwarf-with-dsym";
				ENABLE_NS_ASSERTIONS = NO;
				ENABLE_STRICT_OBJC_MSGSEND = YES;
				GCC_C_LANGUAGE_STANDARD = gnu11;
				GCC_NO_COMMON_BLOCKS = YES;
				GCC_WARN_64_TO_32_BIT_CONVERSION = YES;
				GCC_WARN_ABOUT_RETURN_TYPE = YES_ERROR;
				GCC_WARN_UNDECLARED_SELECTOR = YES;
				GCC_WARN_UNINITIALIZED_AUTOS = YES_AGGRESSIVE;
				GCC_WARN_UNUSED_FUNCTION = YES;
				GCC_WARN_UNUSED_VARIABLE = YES;
				IPHONEOS_DEPLOYMENT_TARGET = 15.0;
				MTL_ENABLE_DEBUG_INFO = NO;
				MTL_FAST_MATH = YES;
				SDKROOT = iphoneos;
				SWIFT_COMPILATION_MODE = wholemodule;
				SWIFT_OPTIMIZATION_LEVEL = "-O";
				VALIDATE_PRODUCT = YES;
			};
			name = Release;
		};
		AC7978982928E4AF0046F54E /* Debug */ = {
			isa = XCBuildConfiguration;
			buildSettings = {
				ASSETCATALOG_COMPILER_APPICON_NAME = AppIcon;
				ASSETCATALOG_COMPILER_GLOBAL_ACCENT_COLOR_NAME = AccentColor;
				CODE_SIGN_STYLE = Automatic;
				CURRENT_PROJECT_VERSION = 1;
				DEVELOPMENT_TEAM = GM62RPE5TH;
				GENERATE_INFOPLIST_FILE = YES;
				INFOPLIST_FILE = PGProject/Info.plist;
				INFOPLIST_KEY_UIApplicationSupportsIndirectInputEvents = YES;
				INFOPLIST_KEY_UILaunchStoryboardName = LaunchScreen;
				INFOPLIST_KEY_UIMainStoryboardFile = "";
				INFOPLIST_KEY_UISupportedInterfaceOrientations = UIInterfaceOrientationPortrait;
				INFOPLIST_KEY_UISupportedInterfaceOrientations_iPad = "UIInterfaceOrientationLandscapeLeft UIInterfaceOrientationLandscapeRight UIInterfaceOrientationPortrait UIInterfaceOrientationPortraitUpsideDown";
				LD_RUNPATH_SEARCH_PATHS = (
					"$(inherited)",
					"@executable_path/Frameworks",
				);
				MARKETING_VERSION = 1.0;
				PRODUCT_BUNDLE_IDENTIFIER = com.ziyomukhammad.PGProject;
				PRODUCT_NAME = "$(TARGET_NAME)";
				SUPPORTED_PLATFORMS = "iphoneos iphonesimulator";
				SUPPORTS_MACCATALYST = NO;
				SUPPORTS_MAC_DESIGNED_FOR_IPHONE_IPAD = NO;
				SWIFT_EMIT_LOC_STRINGS = YES;
				SWIFT_VERSION = 5.0;
				TARGETED_DEVICE_FAMILY = 1;
			};
			name = Debug;
		};
		AC7978992928E4AF0046F54E /* Release */ = {
			isa = XCBuildConfiguration;
			buildSettings = {
				ASSETCATALOG_COMPILER_APPICON_NAME = AppIcon;
				ASSETCATALOG_COMPILER_GLOBAL_ACCENT_COLOR_NAME = AccentColor;
				CODE_SIGN_STYLE = Automatic;
				CURRENT_PROJECT_VERSION = 1;
				DEVELOPMENT_TEAM = GM62RPE5TH;
				GENERATE_INFOPLIST_FILE = YES;
				INFOPLIST_FILE = PGProject/Info.plist;
				INFOPLIST_KEY_UIApplicationSupportsIndirectInputEvents = YES;
				INFOPLIST_KEY_UILaunchStoryboardName = LaunchScreen;
				INFOPLIST_KEY_UIMainStoryboardFile = "";
				INFOPLIST_KEY_UISupportedInterfaceOrientations = UIInterfaceOrientationPortrait;
				INFOPLIST_KEY_UISupportedInterfaceOrientations_iPad = "UIInterfaceOrientationLandscapeLeft UIInterfaceOrientationLandscapeRight UIInterfaceOrientationPortrait UIInterfaceOrientationPortraitUpsideDown";
				LD_RUNPATH_SEARCH_PATHS = (
					"$(inherited)",
					"@executable_path/Frameworks",
				);
				MARKETING_VERSION = 1.0;
				PRODUCT_BUNDLE_IDENTIFIER = com.ziyomukhammad.PGProject;
				PRODUCT_NAME = "$(TARGET_NAME)";
				SUPPORTED_PLATFORMS = "iphoneos iphonesimulator";
				SUPPORTS_MACCATALYST = NO;
				SUPPORTS_MAC_DESIGNED_FOR_IPHONE_IPAD = NO;
				SWIFT_EMIT_LOC_STRINGS = YES;
				SWIFT_VERSION = 5.0;
				TARGETED_DEVICE_FAMILY = 1;
			};
			name = Release;
		};
		AC79789B2928E4AF0046F54E /* Debug */ = {
			isa = XCBuildConfiguration;
			buildSettings = {
				ALWAYS_EMBED_SWIFT_STANDARD_LIBRARIES = YES;
				BUNDLE_LOADER = "$(TEST_HOST)";
				CODE_SIGN_STYLE = Automatic;
				CURRENT_PROJECT_VERSION = 1;
				DEVELOPMENT_TEAM = GM62RPE5TH;
				GENERATE_INFOPLIST_FILE = YES;
				IPHONEOS_DEPLOYMENT_TARGET = 16.1;
				MARKETING_VERSION = 1.0;
				PRODUCT_BUNDLE_IDENTIFIER = com.ziyomukhammad.PGProjectTests;
				PRODUCT_NAME = "$(TARGET_NAME)";
				SWIFT_EMIT_LOC_STRINGS = NO;
				SWIFT_VERSION = 5.0;
				TARGETED_DEVICE_FAMILY = "1,2";
				TEST_HOST = "$(BUILT_PRODUCTS_DIR)/PGProject.app/$(BUNDLE_EXECUTABLE_FOLDER_PATH)/PGProject";
			};
			name = Debug;
		};
		AC79789C2928E4AF0046F54E /* Release */ = {
			isa = XCBuildConfiguration;
			buildSettings = {
				ALWAYS_EMBED_SWIFT_STANDARD_LIBRARIES = YES;
				BUNDLE_LOADER = "$(TEST_HOST)";
				CODE_SIGN_STYLE = Automatic;
				CURRENT_PROJECT_VERSION = 1;
				DEVELOPMENT_TEAM = GM62RPE5TH;
				GENERATE_INFOPLIST_FILE = YES;
				IPHONEOS_DEPLOYMENT_TARGET = 16.1;
				MARKETING_VERSION = 1.0;
				PRODUCT_BUNDLE_IDENTIFIER = com.ziyomukhammad.PGProjectTests;
				PRODUCT_NAME = "$(TARGET_NAME)";
				SWIFT_EMIT_LOC_STRINGS = NO;
				SWIFT_VERSION = 5.0;
				TARGETED_DEVICE_FAMILY = "1,2";
				TEST_HOST = "$(BUILT_PRODUCTS_DIR)/PGProject.app/$(BUNDLE_EXECUTABLE_FOLDER_PATH)/PGProject";
			};
			name = Release;
		};
		AC79789E2928E4AF0046F54E /* Debug */ = {
			isa = XCBuildConfiguration;
			buildSettings = {
				ALWAYS_EMBED_SWIFT_STANDARD_LIBRARIES = YES;
				CODE_SIGN_STYLE = Automatic;
				CURRENT_PROJECT_VERSION = 1;
				DEVELOPMENT_TEAM = GM62RPE5TH;
				GENERATE_INFOPLIST_FILE = YES;
				MARKETING_VERSION = 1.0;
				PRODUCT_BUNDLE_IDENTIFIER = com.ziyomukhammad.PGProjectUITests;
				PRODUCT_NAME = "$(TARGET_NAME)";
				SWIFT_EMIT_LOC_STRINGS = NO;
				SWIFT_VERSION = 5.0;
				TARGETED_DEVICE_FAMILY = "1,2";
				TEST_TARGET_NAME = PGProject;
			};
			name = Debug;
		};
		AC79789F2928E4AF0046F54E /* Release */ = {
			isa = XCBuildConfiguration;
			buildSettings = {
				ALWAYS_EMBED_SWIFT_STANDARD_LIBRARIES = YES;
				CODE_SIGN_STYLE = Automatic;
				CURRENT_PROJECT_VERSION = 1;
				DEVELOPMENT_TEAM = GM62RPE5TH;
				GENERATE_INFOPLIST_FILE = YES;
				MARKETING_VERSION = 1.0;
				PRODUCT_BUNDLE_IDENTIFIER = com.ziyomukhammad.PGProjectUITests;
				PRODUCT_NAME = "$(TARGET_NAME)";
				SWIFT_EMIT_LOC_STRINGS = NO;
				SWIFT_VERSION = 5.0;
				TARGETED_DEVICE_FAMILY = "1,2";
				TEST_TARGET_NAME = PGProject;
			};
			name = Release;
		};
/* End XCBuildConfiguration section */

/* Begin XCConfigurationList section */
		AC7978682928E4AD0046F54E /* Build configuration list for PBXProject "PGProject" */ = {
			isa = XCConfigurationList;
			buildConfigurations = (
				AC7978952928E4AF0046F54E /* Debug */,
				AC7978962928E4AF0046F54E /* Release */,
			);
			defaultConfigurationIsVisible = 0;
			defaultConfigurationName = Release;
		};
		AC7978972928E4AF0046F54E /* Build configuration list for PBXNativeTarget "PGProject" */ = {
			isa = XCConfigurationList;
			buildConfigurations = (
				AC7978982928E4AF0046F54E /* Debug */,
				AC7978992928E4AF0046F54E /* Release */,
			);
			defaultConfigurationIsVisible = 0;
			defaultConfigurationName = Release;
		};
		AC79789A2928E4AF0046F54E /* Build configuration list for PBXNativeTarget "PGProjectTests" */ = {
			isa = XCConfigurationList;
			buildConfigurations = (
				AC79789B2928E4AF0046F54E /* Debug */,
				AC79789C2928E4AF0046F54E /* Release */,
			);
			defaultConfigurationIsVisible = 0;
			defaultConfigurationName = Release;
		};
		AC79789D2928E4AF0046F54E /* Build configuration list for PBXNativeTarget "PGProjectUITests" */ = {
			isa = XCConfigurationList;
			buildConfigurations = (
				AC79789E2928E4AF0046F54E /* Debug */,
				AC79789F2928E4AF0046F54E /* Release */,
			);
			defaultConfigurationIsVisible = 0;
			defaultConfigurationName = Release;
		};
/* End XCConfigurationList section */
	};
	rootObject = AC7978652928E4AD0046F54E /* Project object */;
}
